
Microsoft Visual Studio Solution File, Format Version 12.00
# Visual Studio 2013
VisualStudioVersion = 12.0.30501.0
MinimumVisualStudioVersion = 10.0.40219.1
Project("{FAE04EC0-301F-11D3-BF4B-00C04F79EFBC}") = "Track", "Track\Track.csproj", "{0AC99867-BFE2-4031-BCD0-FB7FBBD3F872}"
EndProject
Project("{FAE04EC0-301F-11D3-BF4B-00C04F79EFBC}") = "Tools", "Tools\Tools.csproj", "{CF7909FE-98C4-48C2-B7EE-B2E9187B8BAE}"
EndProject
Project("{FAE04EC0-301F-11D3-BF4B-00C04F79EFBC}") = "TrackApi", "Api\TrackApi\TrackApi.csproj", "{FD9DF9C8-0E2B-40B6-ADD1-8FA4CFB662EA}"
EndProject
Project("{2150E333-8FDC-42A3-9474-1A3956D46DE8}") = ".nuget", ".nuget", "{51BD869D-AB3E-47F3-B08B-0892CF21F0B9}"
	ProjectSection(SolutionItems) = preProject
		.nuget\NuGet.Config = .nuget\NuGet.Config
		.nuget\NuGet.exe = .nuget\NuGet.exe
		.nuget\NuGet.targets = .nuget\NuGet.targets
	EndProjectSection
EndProject
Project("{FAE04EC0-301F-11D3-BF4B-00C04F79EFBC}") = "Localization", "Localization\Localization.csproj", "{23714AA3-E67B-4B03-BD15-9D400BD9955F}"
EndProject
Project("{FAE04EC0-301F-11D3-BF4B-00C04F79EFBC}") = "Track.About", "Track.About\Track.About.csproj", "{5E7C6D79-534E-4D77-8215-2C3AE44AE5AA}"
EndProject
Global
	GlobalSection(SolutionConfigurationPlatforms) = preSolution
		Debug|Any CPU = Debug|Any CPU
		Debug|ARM = Debug|ARM
		Debug|x86 = Debug|x86
		Release|Any CPU = Release|Any CPU
		Release|ARM = Release|ARM
		Release|x86 = Release|x86
	EndGlobalSection
	GlobalSection(ProjectConfigurationPlatforms) = postSolution
		{0AC99867-BFE2-4031-BCD0-FB7FBBD3F872}.Debug|Any CPU.ActiveCfg = Debug|Any CPU
		{0AC99867-BFE2-4031-BCD0-FB7FBBD3F872}.Debug|Any CPU.Build.0 = Debug|Any CPU
		{0AC99867-BFE2-4031-BCD0-FB7FBBD3F872}.Debug|Any CPU.Deploy.0 = Debug|Any CPU
		{0AC99867-BFE2-4031-BCD0-FB7FBBD3F872}.Debug|ARM.ActiveCfg = Debug|ARM
		{0AC99867-BFE2-4031-BCD0-FB7FBBD3F872}.Debug|ARM.Build.0 = Debug|ARM
		{0AC99867-BFE2-4031-BCD0-FB7FBBD3F872}.Debug|ARM.Deploy.0 = Debug|ARM
		{0AC99867-BFE2-4031-BCD0-FB7FBBD3F872}.Debug|x86.ActiveCfg = Debug|x86
		{0AC99867-BFE2-4031-BCD0-FB7FBBD3F872}.Debug|x86.Build.0 = Debug|x86
		{0AC99867-BFE2-4031-BCD0-FB7FBBD3F872}.Debug|x86.Deploy.0 = Debug|x86
		{0AC99867-BFE2-4031-BCD0-FB7FBBD3F872}.Release|Any CPU.ActiveCfg = Release|ARM
		{0AC99867-BFE2-4031-BCD0-FB7FBBD3F872}.Release|Any CPU.Build.0 = Release|ARM
		{0AC99867-BFE2-4031-BCD0-FB7FBBD3F872}.Release|Any CPU.Deploy.0 = Release|ARM
		{0AC99867-BFE2-4031-BCD0-FB7FBBD3F872}.Release|ARM.ActiveCfg = Release|ARM
		{0AC99867-BFE2-4031-BCD0-FB7FBBD3F872}.Release|ARM.Build.0 = Release|ARM
		{0AC99867-BFE2-4031-BCD0-FB7FBBD3F872}.Release|ARM.Deploy.0 = Release|ARM
		{0AC99867-BFE2-4031-BCD0-FB7FBBD3F872}.Release|x86.ActiveCfg = Release|x86
		{0AC99867-BFE2-4031-BCD0-FB7FBBD3F872}.Release|x86.Build.0 = Release|x86
		{0AC99867-BFE2-4031-BCD0-FB7FBBD3F872}.Release|x86.Deploy.0 = Release|x86
		{CF7909FE-98C4-48C2-B7EE-B2E9187B8BAE}.Debug|Any CPU.ActiveCfg = Debug|Any CPU
		{CF7909FE-98C4-48C2-B7EE-B2E9187B8BAE}.Debug|Any CPU.Build.0 = Debug|Any CPU
		{CF7909FE-98C4-48C2-B7EE-B2E9187B8BAE}.Debug|ARM.ActiveCfg = Debug|ARM
		{CF7909FE-98C4-48C2-B7EE-B2E9187B8BAE}.Debug|ARM.Build.0 = Debug|ARM
		{CF7909FE-98C4-48C2-B7EE-B2E9187B8BAE}.Debug|x86.ActiveCfg = Debug|x86
		{CF7909FE-98C4-48C2-B7EE-B2E9187B8BAE}.Debug|x86.Build.0 = Debug|x86
		{CF7909FE-98C4-48C2-B7EE-B2E9187B8BAE}.Release|Any CPU.ActiveCfg = Release|ARM
		{CF7909FE-98C4-48C2-B7EE-B2E9187B8BAE}.Release|Any CPU.Build.0 = Release|ARM
		{CF7909FE-98C4-48C2-B7EE-B2E9187B8BAE}.Release|ARM.ActiveCfg = Release|ARM
		{CF7909FE-98C4-48C2-B7EE-B2E9187B8BAE}.Release|ARM.Build.0 = Release|ARM
		{CF7909FE-98C4-48C2-B7EE-B2E9187B8BAE}.Release|x86.ActiveCfg = Release|x86
		{CF7909FE-98C4-48C2-B7EE-B2E9187B8BAE}.Release|x86.Build.0 = Release|x86
		{FD9DF9C8-0E2B-40B6-ADD1-8FA4CFB662EA}.Debug|Any CPU.ActiveCfg = Debug|Any CPU
		{FD9DF9C8-0E2B-40B6-ADD1-8FA4CFB662EA}.Debug|Any CPU.Build.0 = Debug|Any CPU
		{FD9DF9C8-0E2B-40B6-ADD1-8FA4CFB662EA}.Debug|ARM.ActiveCfg = Debug|ARM
		{FD9DF9C8-0E2B-40B6-ADD1-8FA4CFB662EA}.Debug|ARM.Build.0 = Debug|ARM
		{FD9DF9C8-0E2B-40B6-ADD1-8FA4CFB662EA}.Debug|x86.ActiveCfg = Debug|x86
		{FD9DF9C8-0E2B-40B6-ADD1-8FA4CFB662EA}.Debug|x86.Build.0 = Debug|x86
		{FD9DF9C8-0E2B-40B6-ADD1-8FA4CFB662EA}.Release|Any CPU.ActiveCfg = Release|ARM
		{FD9DF9C8-0E2B-40B6-ADD1-8FA4CFB662EA}.Release|Any CPU.Build.0 = Release|ARM
		{FD9DF9C8-0E2B-40B6-ADD1-8FA4CFB662EA}.Release|ARM.ActiveCfg = Release|ARM
		{FD9DF9C8-0E2B-40B6-ADD1-8FA4CFB662EA}.Release|ARM.Build.0 = Release|ARM
		{FD9DF9C8-0E2B-40B6-ADD1-8FA4CFB662EA}.Release|x86.ActiveCfg = Release|x86
		{FD9DF9C8-0E2B-40B6-ADD1-8FA4CFB662EA}.Release|x86.Build.0 = Release|x86
		{23714AA3-E67B-4B03-BD15-9D400BD9955F}.Debug|Any CPU.ActiveCfg = Debug|Any CPU
		{23714AA3-E67B-4B03-BD15-9D400BD9955F}.Debug|Any CPU.Build.0 = Debug|Any CPU
		{23714AA3-E67B-4B03-BD15-9D400BD9955F}.Debug|ARM.ActiveCfg = Debug|ARM
		{23714AA3-E67B-4B03-BD15-9D400BD9955F}.Debug|ARM.Build.0 = Debug|ARM
		{23714AA3-E67B-4B03-BD15-9D400BD9955F}.Debug|x86.ActiveCfg = Debug|x86
		{23714AA3-E67B-4B03-BD15-9D400BD9955F}.Debug|x86.Build.0 = Debug|x86
		{23714AA3-E67B-4B03-BD15-9D400BD9955F}.Release|Any CPU.ActiveCfg = Release|ARM
		{23714AA3-E67B-4B03-BD15-9D400BD9955F}.Release|Any CPU.Build.0 = Release|ARM
		{23714AA3-E67B-4B03-BD15-9D400BD9955F}.Release|ARM.ActiveCfg = Release|ARM
		{23714AA3-E67B-4B03-BD15-9D400BD9955F}.Release|ARM.Build.0 = Release|ARM
		{23714AA3-E67B-4B03-BD15-9D400BD9955F}.Release|x86.ActiveCfg = Release|x86
		{23714AA3-E67B-4B03-BD15-9D400BD9955F}.Release|x86.Build.0 = Release|x86
		{5E7C6D79-534E-4D77-8215-2C3AE44AE5AA}.Debug|Any CPU.ActiveCfg = Debug|Any CPU
		{5E7C6D79-534E-4D77-8215-2C3AE44AE5AA}.Debug|Any CPU.Build.0 = Debug|Any CPU
		{5E7C6D79-534E-4D77-8215-2C3AE44AE5AA}.Debug|ARM.ActiveCfg = Debug|ARM
		{5E7C6D79-534E-4D77-8215-2C3AE44AE5AA}.Debug|ARM.Build.0 = Debug|ARM
		{5E7C6D79-534E-4D77-8215-2C3AE44AE5AA}.Debug|x86.ActiveCfg = Debug|x86
		{5E7C6D79-534E-4D77-8215-2C3AE44AE5AA}.Debug|x86.Build.0 = Debug|x86
		{5E7C6D79-534E-4D77-8215-2C3AE44AE5AA}.Release|Any CPU.ActiveCfg = Release|ARM
		{5E7C6D79-534E-4D77-8215-2C3AE44AE5AA}.Release|Any CPU.Build.0 = Release|ARM
		{5E7C6D79-534E-4D77-8215-2C3AE44AE5AA}.Release|ARM.ActiveCfg = Release|ARM
		{5E7C6D79-534E-4D77-8215-2C3AE44AE5AA}.Release|ARM.Build.0 = Release|ARM
		{5E7C6D79-534E-4D77-8215-2C3AE44AE5AA}.Release|x86.ActiveCfg = Release|x86
		{5E7C6D79-534E-4D77-8215-2C3AE44AE5AA}.Release|x86.Build.0 = Release|x86
	EndGlobalSection
	GlobalSection(SolutionProperties) = preSolution
		HideSolutionNode = FALSE
	EndGlobalSection
EndGlobal
